// !$*UTF8*$!
{
	archiveVersion = 1;
	classes = {
	};
	objectVersion = 42;
	objects = {

/* Begin PBXBuildFile section */
		430E79290864678A009F5C2C /* Blocks.framework in CopyFiles */ = {isa = PBXBuildFile; fileRef = 43CBB3950855E9330077C2AE /* Blocks.framework */; };
		430E792A086467B3009F5C2C /* Blocks.framework in Frameworks */ = {isa = PBXBuildFile; fileRef = 43CBB3950855E9330077C2AE /* Blocks.framework */; };
		430E792B086467C6009F5C2C /* Blocks.framework in Frameworks */ = {isa = PBXBuildFile; fileRef = 43CBB3950855E9330077C2AE /* Blocks.framework */; };
		436ED08C091A7F4900F83F91 /* BKStatusMessage.plugin in CopyFiles */ = {isa = PBXBuildFile; fileRef = 436ED056091A7D6400F83F91 /* BKStatusMessage.plugin */; };
		436ED092091A7FD300F83F91 /* TemplateApplication.icns in Resources */ = {isa = PBXBuildFile; fileRef = 436ED090091A7FD200F83F91 /* TemplateApplication.icns */; };
		436ED093091A7FD300F83F91 /* TemplateApplicationLicense.icns in Resources */ = {isa = PBXBuildFile; fileRef = 436ED091091A7FD300F83F91 /* TemplateApplicationLicense.icns */; };
		4384105107CE10E600C00C6E /* BKConfigurationProtocols.h in Resources */ = {isa = PBXBuildFile; fileRef = 4384105007CE10E600C00C6E /* BKConfigurationProtocols.h */; };
		4384105207CE10E600C00C6E /* BKConfigurationProtocols.h in Resources */ = {isa = PBXBuildFile; fileRef = 4384105007CE10E600C00C6E /* BKConfigurationProtocols.h */; };
		438410A107CE124000C00C6E /* BKLifecycleProtocols.h in Resources */ = {isa = PBXBuildFile; fileRef = 438410A007CE124000C00C6E /* BKLifecycleProtocols.h */; };
		438410A307CE12DE00C00C6E /* plugin.xml in Resources */ = {isa = PBXBuildFile; fileRef = 438410A207CE12DE00C00C6E /* plugin.xml */; };
		438411F207CE141700C00C6E /* KimchiBark.plugin in CopyFiles */ = {isa = PBXBuildFile; fileRef = 43C3213407738E9C00056ADE /* KimchiBark.plugin */; };
		4384141C07CE1D4800C00C6E /* Cocoa.framework in Frameworks */ = {isa = PBXBuildFile; fileRef = 1058C7A1FEA54F0111CA2CBB /* Cocoa.framework */; };
		43C31EE30773845100056ADE /* main.m in Sources */ = {isa = PBXBuildFile; fileRef = 43C31EE10773845100056ADE /* main.m */; };
		43C31EE40773845100056ADE /* TemplateApplication_Prefix.pch in Resources */ = {isa = PBXBuildFile; fileRef = 43C31EE20773845100056ADE /* TemplateApplication_Prefix.pch */; };
		43C31EE80773848B00056ADE /* Info.plist in Resources */ = {isa = PBXBuildFile; fileRef = 43C31EE70773848B00056ADE /* Info.plist */; };
		43C31EED0773849700056ADE /* InfoPlist.strings in Resources */ = {isa = PBXBuildFile; fileRef = 43C31EE90773849700056ADE /* InfoPlist.strings */; };
		43C31EEE0773849700056ADE /* MainMenu.nib in Resources */ = {isa = PBXBuildFile; fileRef = 43C31EEB0773849700056ADE /* MainMenu.nib */; };
		43C31F9C0773878E00056ADE /* TATemplateApplicationDelegate.m in Sources */ = {isa = PBXBuildFile; fileRef = 43C31F9A0773878E00056ADE /* TATemplateApplicationDelegate.m */; };
		43C3213E07738F2100056ADE /* KimchiBark-Info.plist in Resources */ = {isa = PBXBuildFile; fileRef = 43C3213B07738F2100056ADE /* KimchiBark-Info.plist */; };
		43C3213F07738F2100056ADE /* KimchiBark.h in Resources */ = {isa = PBXBuildFile; fileRef = 43C3213C07738F2100056ADE /* KimchiBark.h */; };
		43C3214007738F2100056ADE /* KimchiBark.m in Sources */ = {isa = PBXBuildFile; fileRef = 43C3213D07738F2100056ADE /* KimchiBark.m */; };
		43CBB3BB0855E9910077C2AE /* BKLifecycle.plugin in CopyFiles */ = {isa = PBXBuildFile; fileRef = 43CBB3970855E9330077C2AE /* BKLifecycle.plugin */; };
		43CBB3BC0855E9910077C2AE /* BKDocuments.plugin in CopyFiles */ = {isa = PBXBuildFile; fileRef = 43CBB3990855E9330077C2AE /* BKDocuments.plugin */; };
		43CBB3BD0855E9910077C2AE /* BKUserInterface.plugin in CopyFiles */ = {isa = PBXBuildFile; fileRef = 43CBB39B0855E9330077C2AE /* BKUserInterface.plugin */; };
		43CBB3BE0855E9910077C2AE /* BKConfiguration.plugin in CopyFiles */ = {isa = PBXBuildFile; fileRef = 43CBB39D0855E9330077C2AE /* BKConfiguration.plugin */; };
		43CBB3BF0855E9910077C2AE /* BKPreferences.plugin in CopyFiles */ = {isa = PBXBuildFile; fileRef = 43CBB39F0855E9330077C2AE /* BKPreferences.plugin */; };
		43CBB3C00855E9910077C2AE /* BKLicense.plugin in CopyFiles */ = {isa = PBXBuildFile; fileRef = 43CBB3A10855E9330077C2AE /* BKLicense.plugin */; };
		43CBB3C10855E9910077C2AE /* BKPlugins.plugin in CopyFiles */ = {isa = PBXBuildFile; fileRef = 43CBB3A30855E9330077C2AE /* BKPlugins.plugin */; };
		43CBB3C20855E9910077C2AE /* BKScripts.plugin in CopyFiles */ = {isa = PBXBuildFile; fileRef = 43CBB3A50855E9330077C2AE /* BKScripts.plugin */; };
		43CBB3C30855E9910077C2AE /* BKSoftwareUpdate.plugin in CopyFiles */ = {isa = PBXBuildFile; fileRef = 43CBB3A70855E9330077C2AE /* BKSoftwareUpdate.plugin */; };
		43CBB3C40855E9910077C2AE /* BKCrashReporter.plugin in CopyFiles */ = {isa = PBXBuildFile; fileRef = 43CBB3A90855E9330077C2AE /* BKCrashReporter.plugin */; };
		43CBB8540855EE910077C2AE /* Cocoa.framework in Frameworks */ = {isa = PBXBuildFile; fileRef = 1058C7A1FEA54F0111CA2CBB /* Cocoa.framework */; };
		43CBB8550855EE950077C2AE /* TemplateApplicationTest.m in Sources */ = {isa = PBXBuildFile; fileRef = 43C31F2B0773859F00056ADE /* TemplateApplicationTest.m */; };
		43F2EF01092CC4EF00979B00 /* BKLifecycle.plugin in CopyFiles */ = {isa = PBXBuildFile; fileRef = 43CBB3970855E9330077C2AE /* BKLifecycle.plugin */; };
		43F2EF02092CC4EF00979B00 /* BKDocuments.plugin in CopyFiles */ = {isa = PBXBuildFile; fileRef = 43CBB3990855E9330077C2AE /* BKDocuments.plugin */; };
		43F2EF03092CC4EF00979B00 /* BKUserInterface.plugin in CopyFiles */ = {isa = PBXBuildFile; fileRef = 43CBB39B0855E9330077C2AE /* BKUserInterface.plugin */; };
		43F2EF04092CC4EF00979B00 /* BKConfiguration.plugin in CopyFiles */ = {isa = PBXBuildFile; fileRef = 43CBB39D0855E9330077C2AE /* BKConfiguration.plugin */; };
		43F2EF05092CC4EF00979B00 /* BKPreferences.plugin in CopyFiles */ = {isa = PBXBuildFile; fileRef = 43CBB39F0855E9330077C2AE /* BKPreferences.plugin */; };
		43F2EF06092CC4EF00979B00 /* BKLicense.plugin in CopyFiles */ = {isa = PBXBuildFile; fileRef = 43CBB3A10855E9330077C2AE /* BKLicense.plugin */; };
		43F2EF07092CC4EF00979B00 /* BKPlugins.plugin in CopyFiles */ = {isa = PBXBuildFile; fileRef = 43CBB3A30855E9330077C2AE /* BKPlugins.plugin */; };
		43F2EF08092CC4EF00979B00 /* BKScripts.plugin in CopyFiles */ = {isa = PBXBuildFile; fileRef = 43CBB3A50855E9330077C2AE /* BKScripts.plugin */; };
		43F2EF09092CC4EF00979B00 /* BKStatusMessage.plugin in CopyFiles */ = {isa = PBXBuildFile; fileRef = 436ED056091A7D6400F83F91 /* BKStatusMessage.plugin */; };
		43F2EF0A092CC4EF00979B00 /* BKSoftwareUpdate.plugin in CopyFiles */ = {isa = PBXBuildFile; fileRef = 43CBB3A70855E9330077C2AE /* BKSoftwareUpdate.plugin */; };
		43F2EF0B092CC4EF00979B00 /* BKCrashReporter.plugin in CopyFiles */ = {isa = PBXBuildFile; fileRef = 43CBB3A90855E9330077C2AE /* BKCrashReporter.plugin */; };
		43F2EF0C092CC51A00979B00 /* Blocks.framework in Frameworks */ = {isa = PBXBuildFile; fileRef = 43CBB3950855E9330077C2AE /* Blocks.framework */; };
		43F2F163092CC6EB00979B00 /* KimchiBark.plugin in CopyFiles */ = {isa = PBXBuildFile; fileRef = 43C3213407738E9C00056ADE /* KimchiBark.plugin */; };
		8D11072F0486CEB800E47090 /* Cocoa.framework in Frameworks */ = {isa = PBXBuildFile; fileRef = 1058C7A1FEA54F0111CA2CBB /* Cocoa.framework */; };
/* End PBXBuildFile section */

/* Begin PBXContainerItemProxy section */
		436ED055091A7D6400F83F91 /* PBXContainerItemProxy */ = {
			isa = PBXContainerItemProxy;
			containerPortal = 43840FE707CE0E0500C00C6E /* Blocks.xcodeproj */;
			proxyType = 2;
			remoteGlobalIDString = 436E0D090913ACCA00214A5B;
			remoteInfo = BKStatusMessage;
		};
		436ED070091A7F3200F83F91 /* PBXContainerItemProxy */ = {
			isa = PBXContainerItemProxy;
			containerPortal = 43840FE707CE0E0500C00C6E /* Blocks.xcodeproj */;
			proxyType = 1;
			remoteGlobalIDString = 8DC2EF4F0486A6940098B216;
			remoteInfo = Blocks;
		};
		436ED072091A7F3200F83F91 /* PBXContainerItemProxy */ = {
			isa = PBXContainerItemProxy;
			containerPortal = 43840FE707CE0E0500C00C6E /* Blocks.xcodeproj */;
			proxyType = 1;
			remoteGlobalIDString = 43726F8F078EFD9B00042971;
			remoteInfo = BKLifecycle;
		};
		436ED074091A7F3200F83F91 /* PBXContainerItemProxy */ = {
			isa = PBXContainerItemProxy;
			containerPortal = 43840FE707CE0E0500C00C6E /* Blocks.xcodeproj */;
			proxyType = 1;
			remoteGlobalIDString = 436C48EE084C9F0900F0EB70;
			remoteInfo = BKDocuments;
		};
		436ED076091A7F3200F83F91 /* PBXContainerItemProxy */ = {
			isa = PBXContainerItemProxy;
			containerPortal = 43840FE707CE0E0500C00C6E /* Blocks.xcodeproj */;
			proxyType = 1;
			remoteGlobalIDString = 43726C37078EE6A700042971;
			remoteInfo = BKUserInterface;
		};
		436ED078091A7F3200F83F91 /* PBXContainerItemProxy */ = {
			isa = PBXContainerItemProxy;
			containerPortal = 43840FE707CE0E0500C00C6E /* Blocks.xcodeproj */;
			proxyType = 1;
			remoteGlobalIDString = 43DFD4E507ADE21F00E5AB0A;
			remoteInfo = BKConfiguration;
		};
		436ED07A091A7F3200F83F91 /* PBXContainerItemProxy */ = {
			isa = PBXContainerItemProxy;
			containerPortal = 43840FE707CE0E0500C00C6E /* Blocks.xcodeproj */;
			proxyType = 1;
			remoteGlobalIDString = 43C9679F078F40F50038431D;
			remoteInfo = BKPreferences;
		};
		436ED07C091A7F3200F83F91 /* PBXContainerItemProxy */ = {
			isa = PBXContainerItemProxy;
			containerPortal = 43840FE707CE0E0500C00C6E /* Blocks.xcodeproj */;
			proxyType = 1;
			remoteGlobalIDString = 4379F7B507A9A50F00C435C1;
			remoteInfo = BKLicense;
		};
		436ED07E091A7F3200F83F91 /* PBXContainerItemProxy */ = {
			isa = PBXContainerItemProxy;
			containerPortal = 43840FE707CE0E0500C00C6E /* Blocks.xcodeproj */;
			proxyType = 1;
			remoteGlobalIDString = 4379F52607A9854700C435C1;
			remoteInfo = BKPlugins;
		};
		436ED080091A7F3200F83F91 /* PBXContainerItemProxy */ = {
			isa = PBXContainerItemProxy;
			containerPortal = 43840FE707CE0E0500C00C6E /* Blocks.xcodeproj */;
			proxyType = 1;
			remoteGlobalIDString = 432CB5D80791A70900197ECB;
			remoteInfo = BKScripts;
		};
		436ED082091A7F3200F83F91 /* PBXContainerItemProxy */ = {
			isa = PBXContainerItemProxy;
			containerPortal = 43840FE707CE0E0500C00C6E /* Blocks.xcodeproj */;
			proxyType = 1;
			remoteGlobalIDString = 436E0D080913ACCA00214A5B;
			remoteInfo = BKStatusMessage;
		};
		436ED084091A7F3200F83F91 /* PBXContainerItemProxy */ = {
			isa = PBXContainerItemProxy;
			containerPortal = 43840FE707CE0E0500C00C6E /* Blocks.xcodeproj */;
			proxyType = 1;
			remoteGlobalIDString = 432CB6CD0792D0E000197ECB;
			remoteInfo = BKSoftwareUpdate;
		};
		436ED086091A7F3200F83F91 /* PBXContainerItemProxy */ = {
			isa = PBXContainerItemProxy;
			containerPortal = 43840FE707CE0E0500C00C6E /* Blocks.xcodeproj */;
			proxyType = 1;
			remoteGlobalIDString = 437E6A180838287E0070865A;
			remoteInfo = BKCrashReporter;
		};
		43C3214507738F7D00056ADE /* PBXContainerItemProxy */ = {
			isa = PBXContainerItemProxy;
			containerPortal = 29B97313FDCFA39411CA2CEA /* Project object */;
			proxyType = 1;
			remoteGlobalIDString = 43C3213307738E9C00056ADE;
			remoteInfo = KimchiBark;
		};
		43CBB3940855E9330077C2AE /* PBXContainerItemProxy */ = {
			isa = PBXContainerItemProxy;
			containerPortal = 43840FE707CE0E0500C00C6E /* Blocks.xcodeproj */;
			proxyType = 2;
			remoteGlobalIDString = 8DC2EF5B0486A6940098B216;
			remoteInfo = Blocks;
		};
		43CBB3960855E9330077C2AE /* PBXContainerItemProxy */ = {
			isa = PBXContainerItemProxy;
			containerPortal = 43840FE707CE0E0500C00C6E /* Blocks.xcodeproj */;
			proxyType = 2;
			remoteGlobalIDString = 43726F90078EFD9B00042971;
			remoteInfo = BKLifecycle;
		};
		43CBB3980855E9330077C2AE /* PBXContainerItemProxy */ = {
			isa = PBXContainerItemProxy;
			containerPortal = 43840FE707CE0E0500C00C6E /* Blocks.xcodeproj */;
			proxyType = 2;
			remoteGlobalIDString = 436C48EF084C9F0900F0EB70;
			remoteInfo = BKDocuments;
		};
		43CBB39A0855E9330077C2AE /* PBXContainerItemProxy */ = {
			isa = PBXContainerItemProxy;
			containerPortal = 43840FE707CE0E0500C00C6E /* Blocks.xcodeproj */;
			proxyType = 2;
			remoteGlobalIDString = 43726C38078EE6A700042971;
			remoteInfo = BKUserInterface;
		};
		43CBB39C0855E9330077C2AE /* PBXContainerItemProxy */ = {
			isa = PBXContainerItemProxy;
			containerPortal = 43840FE707CE0E0500C00C6E /* Blocks.xcodeproj */;
			proxyType = 2;
			remoteGlobalIDString = 43DFD4E607ADE21F00E5AB0A;
			remoteInfo = BKConfiguration;
		};
		43CBB39E0855E9330077C2AE /* PBXContainerItemProxy */ = {
			isa = PBXContainerItemProxy;
			containerPortal = 43840FE707CE0E0500C00C6E /* Blocks.xcodeproj */;
			proxyType = 2;
			remoteGlobalIDString = 43C967A0078F40F50038431D;
			remoteInfo = BKPreferences;
		};
		43CBB3A00855E9330077C2AE /* PBXContainerItemProxy */ = {
			isa = PBXContainerItemProxy;
			containerPortal = 43840FE707CE0E0500C00C6E /* Blocks.xcodeproj */;
			proxyType = 2;
			remoteGlobalIDString = 4379F7B607A9A50F00C435C1;
			remoteInfo = BKLicense;
		};
		43CBB3A20855E9330077C2AE /* PBXContainerItemProxy */ = {
			isa = PBXContainerItemProxy;
			containerPortal = 43840FE707CE0E0500C00C6E /* Blocks.xcodeproj */;
			proxyType = 2;
			remoteGlobalIDString = 4379F52707A9854700C435C1;
			remoteInfo = BKPlugins;
		};
		43CBB3A40855E9330077C2AE /* PBXContainerItemProxy */ = {
			isa = PBXContainerItemProxy;
			containerPortal = 43840FE707CE0E0500C00C6E /* Blocks.xcodeproj */;
			proxyType = 2;
			remoteGlobalIDString = 432CB5D90791A70900197ECB;
			remoteInfo = BKScripts;
		};
		43CBB3A60855E9330077C2AE /* PBXContainerItemProxy */ = {
			isa = PBXContainerItemProxy;
			containerPortal = 43840FE707CE0E0500C00C6E /* Blocks.xcodeproj */;
			proxyType = 2;
			remoteGlobalIDString = 432CB6CE0792D0E000197ECB;
			remoteInfo = BKSoftwareUpdate;
		};
		43CBB3A80855E9330077C2AE /* PBXContainerItemProxy */ = {
			isa = PBXContainerItemProxy;
			containerPortal = 43840FE707CE0E0500C00C6E /* Blocks.xcodeproj */;
			proxyType = 2;
			remoteGlobalIDString = 437E6A190838287E0070865A;
			remoteInfo = BKCrashReporter;
		};
		43CBB3AA0855E9330077C2AE /* PBXContainerItemProxy */ = {
			isa = PBXContainerItemProxy;
			containerPortal = 43840FE707CE0E0500C00C6E /* Blocks.xcodeproj */;
			proxyType = 2;
			remoteGlobalIDString = 43CBA88B0854FE580077C2AE;
			remoteInfo = UnitTests;
		};
		43F2EEDC092CC4AE00979B00 /* PBXContainerItemProxy */ = {
			isa = PBXContainerItemProxy;
			containerPortal = 43840FE707CE0E0500C00C6E /* Blocks.xcodeproj */;
			proxyType = 1;
			remoteGlobalIDString = 8DC2EF4F0486A6940098B216;
			remoteInfo = Blocks;
		};
		43F2EEDE092CC4AE00979B00 /* PBXContainerItemProxy */ = {
			isa = PBXContainerItemProxy;
			containerPortal = 43840FE707CE0E0500C00C6E /* Blocks.xcodeproj */;
			proxyType = 1;
			remoteGlobalIDString = 43726F8F078EFD9B00042971;
			remoteInfo = BKLifecycle;
		};
		43F2EEE0092CC4AE00979B00 /* PBXContainerItemProxy */ = {
			isa = PBXContainerItemProxy;
			containerPortal = 43840FE707CE0E0500C00C6E /* Blocks.xcodeproj */;
			proxyType = 1;
			remoteGlobalIDString = 436C48EE084C9F0900F0EB70;
			remoteInfo = BKDocuments;
		};
		43F2EEE2092CC4AE00979B00 /* PBXContainerItemProxy */ = {
			isa = PBXContainerItemProxy;
			containerPortal = 43840FE707CE0E0500C00C6E /* Blocks.xcodeproj */;
			proxyType = 1;
			remoteGlobalIDString = 43726C37078EE6A700042971;
			remoteInfo = BKUserInterface;
		};
		43F2EEE4092CC4AE00979B00 /* PBXContainerItemProxy */ = {
			isa = PBXContainerItemProxy;
			containerPortal = 43840FE707CE0E0500C00C6E /* Blocks.xcodeproj */;
			proxyType = 1;
			remoteGlobalIDString = 43DFD4E507ADE21F00E5AB0A;
			remoteInfo = BKConfiguration;
		};
		43F2EEE6092CC4AE00979B00 /* PBXContainerItemProxy */ = {
			isa = PBXContainerItemProxy;
			containerPortal = 43840FE707CE0E0500C00C6E /* Blocks.xcodeproj */;
			proxyType = 1;
			remoteGlobalIDString = 43C9679F078F40F50038431D;
			remoteInfo = BKPreferences;
		};
		43F2EEE8092CC4AE00979B00 /* PBXContainerItemProxy */ = {
			isa = PBXContainerItemProxy;
			containerPortal = 43840FE707CE0E0500C00C6E /* Blocks.xcodeproj */;
			proxyType = 1;
			remoteGlobalIDString = 4379F7B507A9A50F00C435C1;
			remoteInfo = BKLicense;
		};
		43F2EEEA092CC4AE00979B00 /* PBXContainerItemProxy */ = {
			isa = PBXContainerItemProxy;
			containerPortal = 43840FE707CE0E0500C00C6E /* Blocks.xcodeproj */;
			proxyType = 1;
			remoteGlobalIDString = 4379F52607A9854700C435C1;
			remoteInfo = BKPlugins;
		};
		43F2EEEC092CC4AE00979B00 /* PBXContainerItemProxy */ = {
			isa = PBXContainerItemProxy;
			containerPortal = 43840FE707CE0E0500C00C6E /* Blocks.xcodeproj */;
			proxyType = 1;
			remoteGlobalIDString = 432CB5D80791A70900197ECB;
			remoteInfo = BKScripts;
		};
		43F2EEEE092CC4AE00979B00 /* PBXContainerItemProxy */ = {
			isa = PBXContainerItemProxy;
			containerPortal = 43840FE707CE0E0500C00C6E /* Blocks.xcodeproj */;
			proxyType = 1;
			remoteGlobalIDString = 436E0D080913ACCA00214A5B;
			remoteInfo = BKStatusMessage;
		};
		43F2EEF0092CC4AE00979B00 /* PBXContainerItemProxy */ = {
			isa = PBXContainerItemProxy;
			containerPortal = 43840FE707CE0E0500C00C6E /* Blocks.xcodeproj */;
			proxyType = 1;
			remoteGlobalIDString = 432CB6CD0792D0E000197ECB;
			remoteInfo = BKSoftwareUpdate;
		};
		43F2EEF2092CC4AE00979B00 /* PBXContainerItemProxy */ = {
			isa = PBXContainerItemProxy;
			containerPortal = 43840FE707CE0E0500C00C6E /* Blocks.xcodeproj */;
			proxyType = 1;
			remoteGlobalIDString = 437E6A180838287E0070865A;
			remoteInfo = BKCrashReporter;
		};
		43F2F161092CC6DF00979B00 /* PBXContainerItemProxy */ = {
			isa = PBXContainerItemProxy;
			containerPortal = 29B97313FDCFA39411CA2CEA /* Project object */;
			proxyType = 1;
			remoteGlobalIDString = 43C3213307738E9C00056ADE;
			remoteInfo = KimchiBark;
		};
/* End PBXContainerItemProxy section */

/* Begin PBXCopyFilesBuildPhase section */
		43C31F8E0773863700056ADE /* CopyFiles */ = {
			isa = PBXCopyFilesBuildPhase;
			buildActionMask = 2147483647;
			dstPath = "";
			dstSubfolderSpec = 10;
			files = (
				430E79290864678A009F5C2C /* Blocks.framework in CopyFiles */,
			);
			runOnlyForDeploymentPostprocessing = 0;
		};
		43C3214307738F5B00056ADE /* CopyFiles */ = {
			isa = PBXCopyFilesBuildPhase;
			buildActionMask = 2147483647;
			dstPath = "";
			dstSubfolderSpec = 13;
			files = (
				43CBB3BB0855E9910077C2AE /* BKLifecycle.plugin in CopyFiles */,
				43CBB3BC0855E9910077C2AE /* BKDocuments.plugin in CopyFiles */,
				43CBB3BD0855E9910077C2AE /* BKUserInterface.plugin in CopyFiles */,
				43CBB3BE0855E9910077C2AE /* BKConfiguration.plugin in CopyFiles */,
				43CBB3BF0855E9910077C2AE /* BKPreferences.plugin in CopyFiles */,
				43CBB3C00855E9910077C2AE /* BKLicense.plugin in CopyFiles */,
				43CBB3C10855E9910077C2AE /* BKPlugins.plugin in CopyFiles */,
				43CBB3C20855E9910077C2AE /* BKScripts.plugin in CopyFiles */,
				436ED08C091A7F4900F83F91 /* BKStatusMessage.plugin in CopyFiles */,
				43CBB3C30855E9910077C2AE /* BKSoftwareUpdate.plugin in CopyFiles */,
				43CBB3C40855E9910077C2AE /* BKCrashReporter.plugin in CopyFiles */,
				438411F207CE141700C00C6E /* KimchiBark.plugin in CopyFiles */,
			);
			runOnlyForDeploymentPostprocessing = 0;
		};
		43F2EEFB092CC4CF00979B00 /* CopyFiles */ = {
			isa = PBXCopyFilesBuildPhase;
			buildActionMask = 2147483647;
			dstPath = "";
			dstSubfolderSpec = 13;
			files = (
				43F2EF01092CC4EF00979B00 /* BKLifecycle.plugin in CopyFiles */,
				43F2EF02092CC4EF00979B00 /* BKDocuments.plugin in CopyFiles */,
				43F2EF03092CC4EF00979B00 /* BKUserInterface.plugin in CopyFiles */,
				43F2EF04092CC4EF00979B00 /* BKConfiguration.plugin in CopyFiles */,
				43F2EF05092CC4EF00979B00 /* BKPreferences.plugin in CopyFiles */,
				43F2EF06092CC4EF00979B00 /* BKLicense.plugin in CopyFiles */,
				43F2EF07092CC4EF00979B00 /* BKPlugins.plugin in CopyFiles */,
				43F2EF08092CC4EF00979B00 /* BKScripts.plugin in CopyFiles */,
				43F2EF09092CC4EF00979B00 /* BKStatusMessage.plugin in CopyFiles */,
				43F2EF0A092CC4EF00979B00 /* BKSoftwareUpdate.plugin in CopyFiles */,
				43F2EF0B092CC4EF00979B00 /* BKCrashReporter.plugin in CopyFiles */,
				43F2F163092CC6EB00979B00 /* KimchiBark.plugin in CopyFiles */,
			);
			runOnlyForDeploymentPostprocessing = 0;
		};
/* End PBXCopyFilesBuildPhase section */

/* Begin PBXFileReference section */
		1058C7A1FEA54F0111CA2CBB /* Cocoa.framework */ = {isa = PBXFileReference; lastKnownFileType = wrapper.framework; name = Cocoa.framework; path = /System/Library/Frameworks/Cocoa.framework; sourceTree = "<absolute>"; };
		29B97324FDCFA39411CA2CEA /* AppKit.framework */ = {isa = PBXFileReference; lastKnownFileType = wrapper.framework; name = AppKit.framework; path = /System/Library/Frameworks/AppKit.framework; sourceTree = "<absolute>"; };
		29B97325FDCFA39411CA2CEA /* Foundation.framework */ = {isa = PBXFileReference; lastKnownFileType = wrapper.framework; name = Foundation.framework; path = /System/Library/Frameworks/Foundation.framework; sourceTree = "<absolute>"; };
		436ED090091A7FD200F83F91 /* TemplateApplication.icns */ = {isa = PBXFileReference; lastKnownFileType = image.icns; path = TemplateApplication.icns; sourceTree = "<group>"; };
		436ED091091A7FD300F83F91 /* TemplateApplicationLicense.icns */ = {isa = PBXFileReference; lastKnownFileType = image.icns; path = TemplateApplicationLicense.icns; sourceTree = "<group>"; };
		43840FE707CE0E0500C00C6E /* Blocks.xcodeproj */ = {isa = PBXFileReference; lastKnownFileType = "wrapper.pb-project"; name = Blocks.xcodeproj; path = ../Blocks/Blocks.xcodeproj; sourceTree = SOURCE_ROOT; };
		4384105007CE10E600C00C6E /* BKConfigurationProtocols.h */ = {isa = PBXFileReference; fileEncoding = 30; lastKnownFileType = sourcecode.c.h; name = BKConfigurationProtocols.h; path = ../Blocks/Plugins/BKConfiguration/BKConfigurationProtocols.h; sourceTree = SOURCE_ROOT; };
		438410A007CE124000C00C6E /* BKLifecycleProtocols.h */ = {isa = PBXFileReference; fileEncoding = 30; lastKnownFileType = sourcecode.c.h; name = BKLifecycleProtocols.h; path = ../Blocks/Plugins/BKLifecycle/BKLifecycleProtocols.h; sourceTree = SOURCE_ROOT; };
		438410A207CE12DE00C00C6E /* plugin.xml */ = {isa = PBXFileReference; fileEncoding = 4; lastKnownFileType = text.xml; path = plugin.xml; sourceTree = "<group>"; };
		43C31EE10773845100056ADE /* main.m */ = {isa = PBXFileReference; fileEncoding = 30; lastKnownFileType = sourcecode.c.objc; name = main.m; path = Sources/main.m; sourceTree = "<group>"; };
		43C31EE20773845100056ADE /* TemplateApplication_Prefix.pch */ = {isa = PBXFileReference; fileEncoding = 30; lastKnownFileType = sourcecode.c.h; name = TemplateApplication_Prefix.pch; path = Sources/TemplateApplication_Prefix.pch; sourceTree = "<group>"; };
		43C31EE70773848B00056ADE /* Info.plist */ = {isa = PBXFileReference; fileEncoding = 30; lastKnownFileType = text.xml; path = Info.plist; sourceTree = "<group>"; };
		43C31EEA0773849700056ADE /* English */ = {isa = PBXFileReference; fileEncoding = 10; lastKnownFileType = text.plist.strings; name = English; path = English.lproj/InfoPlist.strings; sourceTree = "<group>"; };
		43C31EEC0773849700056ADE /* English */ = {isa = PBXFileReference; lastKnownFileType = wrapper.nib; name = English; path = English.lproj/MainMenu.nib; sourceTree = "<group>"; };
		43C31F2A0773859F00056ADE /* TemplateApplicationTest.h */ = {isa = PBXFileReference; fileEncoding = 30; lastKnownFileType = sourcecode.c.h; path = TemplateApplicationTest.h; sourceTree = "<group>"; };
		43C31F2B0773859F00056ADE /* TemplateApplicationTest.m */ = {isa = PBXFileReference; fileEncoding = 30; lastKnownFileType = sourcecode.c.objc; path = TemplateApplicationTest.m; sourceTree = "<group>"; };
		43C31F990773878E00056ADE /* TATemplateApplicationDelegate.h */ = {isa = PBXFileReference; fileEncoding = 4; lastKnownFileType = sourcecode.c.h; path = TATemplateApplicationDelegate.h; sourceTree = "<group>"; };
		43C31F9A0773878E00056ADE /* TATemplateApplicationDelegate.m */ = {isa = PBXFileReference; fileEncoding = 4; lastKnownFileType = sourcecode.c.objc; path = TATemplateApplicationDelegate.m; sourceTree = "<group>"; };
		43C3213407738E9C00056ADE /* KimchiBark.plugin */ = {isa = PBXFileReference; explicitFileType = wrapper.cfbundle; includeInIndex = 0; path = KimchiBark.plugin; sourceTree = BUILT_PRODUCTS_DIR; };
		43C3213B07738F2100056ADE /* KimchiBark-Info.plist */ = {isa = PBXFileReference; fileEncoding = 30; lastKnownFileType = text.xml; path = "KimchiBark-Info.plist"; sourceTree = "<group>"; };
		43C3213C07738F2100056ADE /* KimchiBark.h */ = {isa = PBXFileReference; fileEncoding = 30; lastKnownFileType = sourcecode.c.h; path = KimchiBark.h; sourceTree = "<group>"; };
		43C3213D07738F2100056ADE /* KimchiBark.m */ = {isa = PBXFileReference; fileEncoding = 30; lastKnownFileType = sourcecode.c.objc; path = KimchiBark.m; sourceTree = "<group>"; };
		43CBB71A0855EDA50077C2AE /* License.txt */ = {isa = PBXFileReference; fileEncoding = 30; lastKnownFileType = text; path = License.txt; sourceTree = "<group>"; };
		43CBB71B0855EDA50077C2AE /* README.txt */ = {isa = PBXFileReference; fileEncoding = 30; lastKnownFileType = text; path = README.txt; sourceTree = "<group>"; };
		43CBB8470855EE670077C2AE /* TemplateApplicationTests.octest */ = {isa = PBXFileReference; explicitFileType = wrapper.cfbundle; includeInIndex = 0; path = TemplateApplicationTests.octest; sourceTree = BUILT_PRODUCTS_DIR; };
		43CBB84A0855EE670077C2AE /* TemplateApplicationTests-Info.plist */ = {isa = PBXFileReference; lastKnownFileType = text.xml; path = "TemplateApplicationTests-Info.plist"; sourceTree = "<group>"; };
		43CC158F078C387700DF2040 /* make_release_paths */ = {isa = PBXFileReference; fileEncoding = 4; lastKnownFileType = text; path = make_release_paths; sourceTree = "<group>"; };
		43CC281F078C5E7200DF2040 /* Background.psd */ = {isa = PBXFileReference; lastKnownFileType = file; path = Background.psd; sourceTree = "<group>"; };
		43CC2823078C5E7200DF2040 /* EULA.rtf */ = {isa = PBXFileReference; lastKnownFileType = text.rtf; path = EULA.rtf; sourceTree = "<group>"; };
		43CC2824078C5E7200DF2040 /* VolumeIcon.icns */ = {isa = PBXFileReference; lastKnownFileType = image.icns; path = VolumeIcon.icns; sourceTree = "<group>"; };
		43D6296B0848B1DD004E7846 /* build_source_release_paths */ = {isa = PBXFileReference; fileEncoding = 4; lastKnownFileType = text; path = build_source_release_paths; sourceTree = "<group>"; };
		8D1107320486CEB800E47090 /* TemplateApplication.app */ = {isa = PBXFileReference; includeInIndex = 0; lastKnownFileType = wrapper.application; path = TemplateApplication.app; sourceTree = BUILT_PRODUCTS_DIR; };
/* End PBXFileReference section */

/* Begin PBXFrameworksBuildPhase section */
		43C3213207738E9C00056ADE /* Frameworks */ = {
			isa = PBXFrameworksBuildPhase;
			buildActionMask = 2147483647;
			files = (
				4384141C07CE1D4800C00C6E /* Cocoa.framework in Frameworks */,
				430E792B086467C6009F5C2C /* Blocks.framework in Frameworks */,
			);
			runOnlyForDeploymentPostprocessing = 0;
		};
		43CBB8440855EE670077C2AE /* Frameworks */ = {
			isa = PBXFrameworksBuildPhase;
			buildActionMask = 2147483647;
			files = (
				43CBB8540855EE910077C2AE /* Cocoa.framework in Frameworks */,
				43F2EF0C092CC51A00979B00 /* Blocks.framework in Frameworks */,
			);
			runOnlyForDeploymentPostprocessing = 0;
		};
		8D11072E0486CEB800E47090 /* Frameworks */ = {
			isa = PBXFrameworksBuildPhase;
			buildActionMask = 2147483647;
			files = (
				8D11072F0486CEB800E47090 /* Cocoa.framework in Frameworks */,
				430E792A086467B3009F5C2C /* Blocks.framework in Frameworks */,
			);
			runOnlyForDeploymentPostprocessing = 0;
		};
/* End PBXFrameworksBuildPhase section */

/* Begin PBXGroup section */
		080E96DDFE201D6D7F000001 /* Sources */ = {
			isa = PBXGroup;
			children = (
				4384105007CE10E600C00C6E /* BKConfigurationProtocols.h */,
				43C31F990773878E00056ADE /* TATemplateApplicationDelegate.h */,
				43C31F9A0773878E00056ADE /* TATemplateApplicationDelegate.m */,
			);
			path = Sources;
			sourceTree = "<group>";
		};
		1058C7A0FEA54F0111CA2CBB /* Linked Frameworks */ = {
			isa = PBXGroup;
			children = (
				1058C7A1FEA54F0111CA2CBB /* Cocoa.framework */,
			);
			name = "Linked Frameworks";
			sourceTree = "<group>";
		};
		1058C7A2FEA54F0111CA2CBB /* Other Frameworks */ = {
			isa = PBXGroup;
			children = (
				29B97325FDCFA39411CA2CEA /* Foundation.framework */,
				29B97324FDCFA39411CA2CEA /* AppKit.framework */,
			);
			name = "Other Frameworks";
			sourceTree = "<group>";
		};
		19C28FACFE9D520D11CA2CBB /* Products */ = {
			isa = PBXGroup;
			children = (
				8D1107320486CEB800E47090 /* TemplateApplication.app */,
				43C3213407738E9C00056ADE /* KimchiBark.plugin */,
				43CBB8470855EE670077C2AE /* TemplateApplicationTests.octest */,
			);
			name = Products;
			sourceTree = "<group>";
		};
		29B97314FDCFA39411CA2CEA /* TemplateApplication */ = {
			isa = PBXGroup;
			children = (
				43CBB71A0855EDA50077C2AE /* License.txt */,
				43CBB71B0855EDA50077C2AE /* README.txt */,
				43840FE707CE0E0500C00C6E /* Blocks.xcodeproj */,
				080E96DDFE201D6D7F000001 /* Sources */,
				29B97315FDCFA39411CA2CEA /* Other Sources */,
				439B1DFF07888EB1007F2719 /* Other */,
				29B97317FDCFA39411CA2CEA /* Resources */,
				43C3207E07738AAD00056ADE /* Documentation */,
				29B97323FDCFA39411CA2CEA /* Frameworks */,
				43C3212A07738E6200056ADE /* Plugins */,
				43C31ED6077383E600056ADE /* Tests */,
				19C28FACFE9D520D11CA2CBB /* Products */,
			);
			name = TemplateApplication;
			sourceTree = "<group>";
		};
		29B97315FDCFA39411CA2CEA /* Other Sources */ = {
			isa = PBXGroup;
			children = (
				43C31EE10773845100056ADE /* main.m */,
				43C31EE20773845100056ADE /* TemplateApplication_Prefix.pch */,
			);
			name = "Other Sources";
			sourceTree = "<group>";
		};
		29B97317FDCFA39411CA2CEA /* Resources */ = {
			isa = PBXGroup;
			children = (
				43C31EE70773848B00056ADE /* Info.plist */,
				43C31EE90773849700056ADE /* InfoPlist.strings */,
				43C31EF6077384FA00056ADE /* Images */,
				43C31EF4077384DA00056ADE /* Nibs */,
			);
			path = Resources;
			sourceTree = "<group>";
		};
		29B97323FDCFA39411CA2CEA /* Frameworks */ = {
			isa = PBXGroup;
			children = (
				1058C7A0FEA54F0111CA2CBB /* Linked Frameworks */,
				1058C7A2FEA54F0111CA2CBB /* Other Frameworks */,
			);
			name = Frameworks;
			sourceTree = "<group>";
		};
		439B1DFF07888EB1007F2719 /* Other */ = {
			isa = PBXGroup;
			children = (
				43CC281E078C5E7200DF2040 /* DMG */,
				43CC158F078C387700DF2040 /* make_release_paths */,
				43D6296B0848B1DD004E7846 /* build_source_release_paths */,
			);
			path = Other;
			sourceTree = "<group>";
		};
		43C31ED6077383E600056ADE /* Tests */ = {
			isa = PBXGroup;
			children = (
				43C31F2A0773859F00056ADE /* TemplateApplicationTest.h */,
				43C31F2B0773859F00056ADE /* TemplateApplicationTest.m */,
				43CBB84A0855EE670077C2AE /* TemplateApplicationTests-Info.plist */,
			);
			path = Tests;
			sourceTree = "<group>";
		};
		43C31EF4077384DA00056ADE /* Nibs */ = {
			isa = PBXGroup;
			children = (
				43C31EEB0773849700056ADE /* MainMenu.nib */,
			);
			name = Nibs;
			sourceTree = "<group>";
		};
		43C31EF6077384FA00056ADE /* Images */ = {
			isa = PBXGroup;
			children = (
				436ED090091A7FD200F83F91 /* TemplateApplication.icns */,
				436ED091091A7FD300F83F91 /* TemplateApplicationLicense.icns */,
			);
			name = Images;
			sourceTree = "<group>";
		};
		43C3207E07738AAD00056ADE /* Documentation */ = {
			isa = PBXGroup;
			children = (
			);
			path = Documentation;
			sourceTree = "<group>";
		};
		43C3212A07738E6200056ADE /* Plugins */ = {
			isa = PBXGroup;
			children = (
				43C3213A07738F2100056ADE /* KimchiBark */,
			);
			path = Plugins;
			sourceTree = "<group>";
		};
		43C3213A07738F2100056ADE /* KimchiBark */ = {
			isa = PBXGroup;
			children = (
				438410A007CE124000C00C6E /* BKLifecycleProtocols.h */,
				43C3213C07738F2100056ADE /* KimchiBark.h */,
				43C3213D07738F2100056ADE /* KimchiBark.m */,
				43C3213B07738F2100056ADE /* KimchiBark-Info.plist */,
				438410A207CE12DE00C00C6E /* plugin.xml */,
			);
			path = KimchiBark;
			sourceTree = "<group>";
		};
		43CBB3850855E9330077C2AE /* Products */ = {
			isa = PBXGroup;
			children = (
				43CBB3950855E9330077C2AE /* Blocks.framework */,
				43CBB3970855E9330077C2AE /* BKLifecycle.plugin */,
				43CBB3990855E9330077C2AE /* BKDocuments.plugin */,
				43CBB39B0855E9330077C2AE /* BKUserInterface.plugin */,
				43CBB39D0855E9330077C2AE /* BKConfiguration.plugin */,
				43CBB39F0855E9330077C2AE /* BKPreferences.plugin */,
				43CBB3A10855E9330077C2AE /* BKLicense.plugin */,
				43CBB3A30855E9330077C2AE /* BKPlugins.plugin */,
				43CBB3A50855E9330077C2AE /* BKScripts.plugin */,
				436ED056091A7D6400F83F91 /* BKStatusMessage.plugin */,
				43CBB3A70855E9330077C2AE /* BKSoftwareUpdate.plugin */,
				43CBB3A90855E9330077C2AE /* BKCrashReporter.plugin */,
				43CBB3AB0855E9330077C2AE /* UnitTests.octest */,
			);
			name = Products;
			sourceTree = "<group>";
		};
		43CC281E078C5E7200DF2040 /* DMG */ = {
			isa = PBXGroup;
			children = (
				43CC281F078C5E7200DF2040 /* Background.psd */,
				43CC2823078C5E7200DF2040 /* EULA.rtf */,
				43CC2824078C5E7200DF2040 /* VolumeIcon.icns */,
			);
			path = DMG;
			sourceTree = "<group>";
		};
/* End PBXGroup section */

/* Begin PBXNativeTarget section */
		43C3213307738E9C00056ADE /* KimchiBark */ = {
			isa = PBXNativeTarget;
			buildConfigurationList = 43CBA7C20854FD240077C2AE /* Build configuration list for PBXNativeTarget "KimchiBark" */;
			buildPhases = (
				43C3213007738E9C00056ADE /* Resources */,
				43C3213107738E9C00056ADE /* Sources */,
				43C3213207738E9C00056ADE /* Frameworks */,
			);
			buildRules = (
			);
			dependencies = (
			);
			name = KimchiBark;
			productName = KimchiBark;
			productReference = 43C3213407738E9C00056ADE /* KimchiBark.plugin */;
			productType = "com.apple.product-type.bundle";
		};
		43CBB8460855EE670077C2AE /* TemplateApplicationTests */ = {
			isa = PBXNativeTarget;
			buildConfigurationList = 43CBB84B0855EE680077C2AE /* Build configuration list for PBXNativeTarget "TemplateApplicationTests" */;
			buildPhases = (
				43CBB8420855EE670077C2AE /* Resources */,
				43CBB8430855EE670077C2AE /* Sources */,
				43CBB8440855EE670077C2AE /* Frameworks */,
				43F2EEFB092CC4CF00979B00 /* CopyFiles */,
				43CBB8450855EE670077C2AE /* ShellScript */,
			);
			buildRules = (
			);
			dependencies = (
				43F2EEDD092CC4AE00979B00 /* PBXTargetDependency */,
				43F2EEDF092CC4AE00979B00 /* PBXTargetDependency */,
				43F2EEE1092CC4AE00979B00 /* PBXTargetDependency */,
				43F2EEE3092CC4AE00979B00 /* PBXTargetDependency */,
				43F2EEE5092CC4AE00979B00 /* PBXTargetDependency */,
				43F2EEE7092CC4AE00979B00 /* PBXTargetDependency */,
				43F2EEE9092CC4AE00979B00 /* PBXTargetDependency */,
				43F2EEEB092CC4AE00979B00 /* PBXTargetDependency */,
				43F2EEED092CC4AE00979B00 /* PBXTargetDependency */,
				43F2EEEF092CC4AE00979B00 /* PBXTargetDependency */,
				43F2EEF1092CC4AE00979B00 /* PBXTargetDependency */,
				43F2EEF3092CC4AE00979B00 /* PBXTargetDependency */,
				43F2F162092CC6DF00979B00 /* PBXTargetDependency */,
			);
			name = TemplateApplicationTests;
			productName = UnitTests;
			productReference = 43CBB8470855EE670077C2AE /* TemplateApplicationTests.octest */;
			productType = "com.apple.product-type.bundle";
		};
		8D1107260486CEB800E47090 /* TemplateApplication */ = {
			isa = PBXNativeTarget;
			buildConfigurationList = 43CBA7C60854FD240077C2AE /* Build configuration list for PBXNativeTarget "TemplateApplication" */;
			buildPhases = (
				8D1107290486CEB800E47090 /* Resources */,
				8D11072C0486CEB800E47090 /* Sources */,
				8D11072E0486CEB800E47090 /* Frameworks */,
				43C31F8E0773863700056ADE /* CopyFiles */,
				43C3214307738F5B00056ADE /* CopyFiles */,
			);
			buildRules = (
			);
			dependencies = (
				436ED071091A7F3200F83F91 /* PBXTargetDependency */,
				436ED073091A7F3200F83F91 /* PBXTargetDependency */,
				436ED075091A7F3200F83F91 /* PBXTargetDependency */,
				436ED077091A7F3200F83F91 /* PBXTargetDependency */,
				436ED079091A7F3200F83F91 /* PBXTargetDependency */,
				436ED07B091A7F3200F83F91 /* PBXTargetDependency */,
				436ED07D091A7F3200F83F91 /* PBXTargetDependency */,
				436ED07F091A7F3200F83F91 /* PBXTargetDependency */,
				436ED081091A7F3200F83F91 /* PBXTargetDependency */,
				436ED083091A7F3200F83F91 /* PBXTargetDependency */,
				436ED085091A7F3200F83F91 /* PBXTargetDependency */,
				436ED087091A7F3200F83F91 /* PBXTargetDependency */,
				43C3214607738F7D00056ADE /* PBXTargetDependency */,
			);
			name = TemplateApplication;
			productInstallPath = "$(HOME)/Applications";
			productName = TemplateApplication;
			productReference = 8D1107320486CEB800E47090 /* TemplateApplication.app */;
			productType = "com.apple.product-type.application";
		};
/* End PBXNativeTarget section */

/* Begin PBXProject section */
		29B97313FDCFA39411CA2CEA /* Project object */ = {
			isa = PBXProject;
			buildConfigurationList = 43CBA7E00854FD240077C2AE /* Build configuration list for PBXProject "TemplateApplication" */;
			hasScannedForEncodings = 1;
			mainGroup = 29B97314FDCFA39411CA2CEA /* TemplateApplication */;
			projectDirPath = "";
			projectReferences = (
				{
					ProductGroup = 43CBB3850855E9330077C2AE /* Products */;
					ProjectRef = 43840FE707CE0E0500C00C6E /* Blocks.xcodeproj */;
				},
			);
			targets = (
				8D1107260486CEB800E47090 /* TemplateApplication */,
				43C3213307738E9C00056ADE /* KimchiBark */,
				43CBB8460855EE670077C2AE /* TemplateApplicationTests */,
			);
		};
/* End PBXProject section */

/* Begin PBXReferenceProxy section */
		436ED056091A7D6400F83F91 /* BKStatusMessage.plugin */ = {
			isa = PBXReferenceProxy;
			fileType = wrapper.cfbundle;
			path = BKStatusMessage.plugin;
			remoteRef = 436ED055091A7D6400F83F91 /* PBXContainerItemProxy */;
			sourceTree = BUILT_PRODUCTS_DIR;
		};
		43CBB3950855E9330077C2AE /* Blocks.framework */ = {
			isa = PBXReferenceProxy;
			fileType = wrapper.framework;
			path = Blocks.framework;
			remoteRef = 43CBB3940855E9330077C2AE /* PBXContainerItemProxy */;
			sourceTree = BUILT_PRODUCTS_DIR;
		};
		43CBB3970855E9330077C2AE /* BKLifecycle.plugin */ = {
			isa = PBXReferenceProxy;
			fileType = wrapper.cfbundle;
			path = BKLifecycle.plugin;
			remoteRef = 43CBB3960855E9330077C2AE /* PBXContainerItemProxy */;
			sourceTree = BUILT_PRODUCTS_DIR;
		};
		43CBB3990855E9330077C2AE /* BKDocuments.plugin */ = {
			isa = PBXReferenceProxy;
			fileType = wrapper.cfbundle;
			path = BKDocuments.plugin;
			remoteRef = 43CBB3980855E9330077C2AE /* PBXContainerItemProxy */;
			sourceTree = BUILT_PRODUCTS_DIR;
		};
		43CBB39B0855E9330077C2AE /* BKUserInterface.plugin */ = {
			isa = PBXReferenceProxy;
			fileType = wrapper.cfbundle;
			path = BKUserInterface.plugin;
			remoteRef = 43CBB39A0855E9330077C2AE /* PBXContainerItemProxy */;
			sourceTree = BUILT_PRODUCTS_DIR;
		};
		43CBB39D0855E9330077C2AE /* BKConfiguration.plugin */ = {
			isa = PBXReferenceProxy;
			fileType = wrapper.cfbundle;
			path = BKConfiguration.plugin;
			remoteRef = 43CBB39C0855E9330077C2AE /* PBXContainerItemProxy */;
			sourceTree = BUILT_PRODUCTS_DIR;
		};
		43CBB39F0855E9330077C2AE /* BKPreferences.plugin */ = {
			isa = PBXReferenceProxy;
			fileType = wrapper.cfbundle;
			path = BKPreferences.plugin;
			remoteRef = 43CBB39E0855E9330077C2AE /* PBXContainerItemProxy */;
			sourceTree = BUILT_PRODUCTS_DIR;
		};
		43CBB3A10855E9330077C2AE /* BKLicense.plugin */ = {
			isa = PBXReferenceProxy;
			fileType = wrapper.cfbundle;
			path = BKLicense.plugin;
			remoteRef = 43CBB3A00855E9330077C2AE /* PBXContainerItemProxy */;
			sourceTree = BUILT_PRODUCTS_DIR;
		};
		43CBB3A30855E9330077C2AE /* BKPlugins.plugin */ = {
			isa = PBXReferenceProxy;
			fileType = wrapper.cfbundle;
			path = BKPlugins.plugin;
			remoteRef = 43CBB3A20855E9330077C2AE /* PBXContainerItemProxy */;
			sourceTree = BUILT_PRODUCTS_DIR;
		};
		43CBB3A50855E9330077C2AE /* BKScripts.plugin */ = {
			isa = PBXReferenceProxy;
			fileType = wrapper.cfbundle;
			path = BKScripts.plugin;
			remoteRef = 43CBB3A40855E9330077C2AE /* PBXContainerItemProxy */;
			sourceTree = BUILT_PRODUCTS_DIR;
		};
		43CBB3A70855E9330077C2AE /* BKSoftwareUpdate.plugin */ = {
			isa = PBXReferenceProxy;
			fileType = wrapper.cfbundle;
			path = BKSoftwareUpdate.plugin;
			remoteRef = 43CBB3A60855E9330077C2AE /* PBXContainerItemProxy */;
			sourceTree = BUILT_PRODUCTS_DIR;
		};
		43CBB3A90855E9330077C2AE /* BKCrashReporter.plugin */ = {
			isa = PBXReferenceProxy;
			fileType = wrapper.cfbundle;
			path = BKCrashReporter.plugin;
			remoteRef = 43CBB3A80855E9330077C2AE /* PBXContainerItemProxy */;
			sourceTree = BUILT_PRODUCTS_DIR;
		};
		43CBB3AB0855E9330077C2AE /* UnitTests.octest */ = {
			isa = PBXReferenceProxy;
			fileType = wrapper.cfbundle;
			path = UnitTests.octest;
			remoteRef = 43CBB3AA0855E9330077C2AE /* PBXContainerItemProxy */;
			sourceTree = BUILT_PRODUCTS_DIR;
		};
/* End PBXReferenceProxy section */

/* Begin PBXResourcesBuildPhase section */
		43C3213007738E9C00056ADE /* Resources */ = {
			isa = PBXResourcesBuildPhase;
			buildActionMask = 2147483647;
			files = (
				43C3213E07738F2100056ADE /* KimchiBark-Info.plist in Resources */,
				43C3213F07738F2100056ADE /* KimchiBark.h in Resources */,
				4384105207CE10E600C00C6E /* BKConfigurationProtocols.h in Resources */,
				438410A107CE124000C00C6E /* BKLifecycleProtocols.h in Resources */,
				438410A307CE12DE00C00C6E /* plugin.xml in Resources */,
			);
			runOnlyForDeploymentPostprocessing = 0;
		};
		43CBB8420855EE670077C2AE /* Resources */ = {
			isa = PBXResourcesBuildPhase;
			buildActionMask = 2147483647;
			files = (
			);
			runOnlyForDeploymentPostprocessing = 0;
		};
		8D1107290486CEB800E47090 /* Resources */ = {
			isa = PBXResourcesBuildPhase;
			buildActionMask = 2147483647;
			files = (
				43C31EE40773845100056ADE /* TemplateApplication_Prefix.pch in Resources */,
				43C31EE80773848B00056ADE /* Info.plist in Resources */,
				43C31EED0773849700056ADE /* InfoPlist.strings in Resources */,
				43C31EEE0773849700056ADE /* MainMenu.nib in Resources */,
				4384105107CE10E600C00C6E /* BKConfigurationProtocols.h in Resources */,
				436ED092091A7FD300F83F91 /* TemplateApplication.icns in Resources */,
				436ED093091A7FD300F83F91 /* TemplateApplicationLicense.icns in Resources */,
			);
			runOnlyForDeploymentPostprocessing = 0;
		};
/* End PBXResourcesBuildPhase section */

/* Begin PBXShellScriptBuildPhase section */
		43CBB8450855EE670077C2AE /* ShellScript */ = {
			isa = PBXShellScriptBuildPhase;
			buildActionMask = 2147483647;
			files = (
			);
			inputPaths = (
			);
			outputPaths = (
			);
			runOnlyForDeploymentPostprocessing = 0;
			shellPath = /bin/sh;
			shellScript = "# Run the unit tests in this test bundle.\n\"${SYSTEM_DEVELOPER_DIR}/Tools/RunUnitTests\"\n";
		};
/* End PBXShellScriptBuildPhase section */

/* Begin PBXSourcesBuildPhase section */
		43C3213107738E9C00056ADE /* Sources */ = {
			isa = PBXSourcesBuildPhase;
			buildActionMask = 2147483647;
			files = (
				43C3214007738F2100056ADE /* KimchiBark.m in Sources */,
			);
			runOnlyForDeploymentPostprocessing = 0;
		};
		43CBB8430855EE670077C2AE /* Sources */ = {
			isa = PBXSourcesBuildPhase;
			buildActionMask = 2147483647;
			files = (
				43CBB8550855EE950077C2AE /* TemplateApplicationTest.m in Sources */,
			);
			runOnlyForDeploymentPostprocessing = 0;
		};
		8D11072C0486CEB800E47090 /* Sources */ = {
			isa = PBXSourcesBuildPhase;
			buildActionMask = 2147483647;
			files = (
				43C31EE30773845100056ADE /* main.m in Sources */,
				43C31F9C0773878E00056ADE /* TATemplateApplicationDelegate.m in Sources */,
			);
			runOnlyForDeploymentPostprocessing = 0;
		};
/* End PBXSourcesBuildPhase section */

/* Begin PBXTargetDependency section */
		436ED071091A7F3200F83F91 /* PBXTargetDependency */ = {
			isa = PBXTargetDependency;
			name = Blocks;
			targetProxy = 436ED070091A7F3200F83F91 /* PBXContainerItemProxy */;
		};
		436ED073091A7F3200F83F91 /* PBXTargetDependency */ = {
			isa = PBXTargetDependency;
			name = BKLifecycle;
			targetProxy = 436ED072091A7F3200F83F91 /* PBXContainerItemProxy */;
		};
		436ED075091A7F3200F83F91 /* PBXTargetDependency */ = {
			isa = PBXTargetDependency;
			name = BKDocuments;
			targetProxy = 436ED074091A7F3200F83F91 /* PBXContainerItemProxy */;
		};
		436ED077091A7F3200F83F91 /* PBXTargetDependency */ = {
			isa = PBXTargetDependency;
			name = BKUserInterface;
			targetProxy = 436ED076091A7F3200F83F91 /* PBXContainerItemProxy */;
		};
		436ED079091A7F3200F83F91 /* PBXTargetDependency */ = {
			isa = PBXTargetDependency;
			name = BKConfiguration;
			targetProxy = 436ED078091A7F3200F83F91 /* PBXContainerItemProxy */;
		};
		436ED07B091A7F3200F83F91 /* PBXTargetDependency */ = {
			isa = PBXTargetDependency;
			name = BKPreferences;
			targetProxy = 436ED07A091A7F3200F83F91 /* PBXContainerItemProxy */;
		};
		436ED07D091A7F3200F83F91 /* PBXTargetDependency */ = {
			isa = PBXTargetDependency;
			name = BKLicense;
			targetProxy = 436ED07C091A7F3200F83F91 /* PBXContainerItemProxy */;
		};
		436ED07F091A7F3200F83F91 /* PBXTargetDependency */ = {
			isa = PBXTargetDependency;
			name = BKPlugins;
			targetProxy = 436ED07E091A7F3200F83F91 /* PBXContainerItemProxy */;
		};
		436ED081091A7F3200F83F91 /* PBXTargetDependency */ = {
			isa = PBXTargetDependency;
			name = BKScripts;
			targetProxy = 436ED080091A7F3200F83F91 /* PBXContainerItemProxy */;
		};
		436ED083091A7F3200F83F91 /* PBXTargetDependency */ = {
			isa = PBXTargetDependency;
			name = BKStatusMessage;
			targetProxy = 436ED082091A7F3200F83F91 /* PBXContainerItemProxy */;
		};
		436ED085091A7F3200F83F91 /* PBXTargetDependency */ = {
			isa = PBXTargetDependency;
			name = BKSoftwareUpdate;
			targetProxy = 436ED084091A7F3200F83F91 /* PBXContainerItemProxy */;
		};
		436ED087091A7F3200F83F91 /* PBXTargetDependency */ = {
			isa = PBXTargetDependency;
			name = BKCrashReporter;
			targetProxy = 436ED086091A7F3200F83F91 /* PBXContainerItemProxy */;
		};
		43C3214607738F7D00056ADE /* PBXTargetDependency */ = {
			isa = PBXTargetDependency;
			target = 43C3213307738E9C00056ADE /* KimchiBark */;
			targetProxy = 43C3214507738F7D00056ADE /* PBXContainerItemProxy */;
		};
		43F2EEDD092CC4AE00979B00 /* PBXTargetDependency */ = {
			isa = PBXTargetDependency;
			name = Blocks;
			targetProxy = 43F2EEDC092CC4AE00979B00 /* PBXContainerItemProxy */;
		};
		43F2EEDF092CC4AE00979B00 /* PBXTargetDependency */ = {
			isa = PBXTargetDependency;
			name = BKLifecycle;
			targetProxy = 43F2EEDE092CC4AE00979B00 /* PBXContainerItemProxy */;
		};
		43F2EEE1092CC4AE00979B00 /* PBXTargetDependency */ = {
			isa = PBXTargetDependency;
			name = BKDocuments;
			targetProxy = 43F2EEE0092CC4AE00979B00 /* PBXContainerItemProxy */;
		};
		43F2EEE3092CC4AE00979B00 /* PBXTargetDependency */ = {
			isa = PBXTargetDependency;
			name = BKUserInterface;
			targetProxy = 43F2EEE2092CC4AE00979B00 /* PBXContainerItemProxy */;
		};
		43F2EEE5092CC4AE00979B00 /* PBXTargetDependency */ = {
			isa = PBXTargetDependency;
			name = BKConfiguration;
			targetProxy = 43F2EEE4092CC4AE00979B00 /* PBXContainerItemProxy */;
		};
		43F2EEE7092CC4AE00979B00 /* PBXTargetDependency */ = {
			isa = PBXTargetDependency;
			name = BKPreferences;
			targetProxy = 43F2EEE6092CC4AE00979B00 /* PBXContainerItemProxy */;
		};
		43F2EEE9092CC4AE00979B00 /* PBXTargetDependency */ = {
			isa = PBXTargetDependency;
			name = BKLicense;
			targetProxy = 43F2EEE8092CC4AE00979B00 /* PBXContainerItemProxy */;
		};
		43F2EEEB092CC4AE00979B00 /* PBXTargetDependency */ = {
			isa = PBXTargetDependency;
			name = BKPlugins;
			targetProxy = 43F2EEEA092CC4AE00979B00 /* PBXContainerItemProxy */;
		};
		43F2EEED092CC4AE00979B00 /* PBXTargetDependency */ = {
			isa = PBXTargetDependency;
			name = BKScripts;
			targetProxy = 43F2EEEC092CC4AE00979B00 /* PBXContainerItemProxy */;
		};
		43F2EEEF092CC4AE00979B00 /* PBXTargetDependency */ = {
			isa = PBXTargetDependency;
			name = BKStatusMessage;
			targetProxy = 43F2EEEE092CC4AE00979B00 /* PBXContainerItemProxy */;
		};
		43F2EEF1092CC4AE00979B00 /* PBXTargetDependency */ = {
			isa = PBXTargetDependency;
			name = BKSoftwareUpdate;
			targetProxy = 43F2EEF0092CC4AE00979B00 /* PBXContainerItemProxy */;
		};
		43F2EEF3092CC4AE00979B00 /* PBXTargetDependency */ = {
			isa = PBXTargetDependency;
			name = BKCrashReporter;
			targetProxy = 43F2EEF2092CC4AE00979B00 /* PBXContainerItemProxy */;
		};
		43F2F162092CC6DF00979B00 /* PBXTargetDependency */ = {
			isa = PBXTargetDependency;
			target = 43C3213307738E9C00056ADE /* KimchiBark */;
			targetProxy = 43F2F161092CC6DF00979B00 /* PBXContainerItemProxy */;
		};
/* End PBXTargetDependency section */

/* Begin PBXVariantGroup section */
		43C31EE90773849700056ADE /* InfoPlist.strings */ = {
			isa = PBXVariantGroup;
			children = (
				43C31EEA0773849700056ADE /* English */,
			);
			name = InfoPlist.strings;
			sourceTree = "<group>";
		};
		43C31EEB0773849700056ADE /* MainMenu.nib */ = {
			isa = PBXVariantGroup;
			children = (
				43C31EEC0773849700056ADE /* English */,
			);
			name = MainMenu.nib;
			sourceTree = "<group>";
		};
/* End PBXVariantGroup section */

/* Begin XCBuildConfiguration section */
		43CBA7C30854FD240077C2AE /* Debug */ = {
			isa = XCBuildConfiguration;
			buildSettings = {
				COPY_PHASE_STRIP = NO;
				GCC_DYNAMIC_NO_PIC = NO;
				GCC_ENABLE_FIX_AND_CONTINUE = YES;
				GCC_ENABLE_OBJC_EXCEPTIONS = YES;
				GCC_GENERATE_DEBUGGING_SYMBOLS = YES;
				GCC_OPTIMIZATION_LEVEL = 0;
				GCC_PRECOMPILE_PREFIX_HEADER = YES;
				GCC_PREFIX_HEADER = "$(SYSTEM_LIBRARY_DIR)/Frameworks/AppKit.framework/Headers/AppKit.h";
				INFOPLIST_FILE = "Plugins/KimchiBark/KimchiBark-Info.plist";
				INSTALL_PATH = "$(USER_LIBRARY_DIR)/Bundles";
				OTHER_CFLAGS = "";
				OTHER_LDFLAGS = (
					"-framework",
					Foundation,
					"-framework",
					AppKit,
				);
				OTHER_REZFLAGS = "";
				PRODUCT_NAME = KimchiBark;
				SECTORDER_FLAGS = "";
				WARNING_CFLAGS = (
					"-Wmost",
					"-Wno-four-char-constants",
					"-Wno-unknown-pragmas",
				);
				WRAPPER_EXTENSION = plugin;
				ZERO_LINK = YES;
			};
			name = Debug;
		};
		43CBA7C40854FD240077C2AE /* Release */ = {
			isa = XCBuildConfiguration;
			buildSettings = {
				COPY_PHASE_STRIP = YES;
				GCC_ENABLE_FIX_AND_CONTINUE = NO;
				GCC_PRECOMPILE_PREFIX_HEADER = YES;
				GCC_PREFIX_HEADER = "$(SYSTEM_LIBRARY_DIR)/Frameworks/AppKit.framework/Headers/AppKit.h";
				INFOPLIST_FILE = "Plugins/KimchiBark/KimchiBark-Info.plist";
				INSTALL_PATH = "$(USER_LIBRARY_DIR)/Bundles";
				OTHER_CFLAGS = "";
				OTHER_LDFLAGS = (
					"-framework",
					Foundation,
					"-framework",
					AppKit,
				);
				OTHER_REZFLAGS = "";
				PRODUCT_NAME = KimchiBark;
				SECTORDER_FLAGS = "";
				WARNING_CFLAGS = (
					"-Wmost",
					"-Wno-four-char-constants",
					"-Wno-unknown-pragmas",
				);
				WRAPPER_EXTENSION = plugin;
				ZERO_LINK = NO;
			};
			name = Release;
		};
		43CBA7C50854FD240077C2AE /* Default */ = {
			isa = XCBuildConfiguration;
			buildSettings = {
				GCC_PRECOMPILE_PREFIX_HEADER = YES;
				GCC_PREFIX_HEADER = "$(SYSTEM_LIBRARY_DIR)/Frameworks/AppKit.framework/Headers/AppKit.h";
				INFOPLIST_FILE = "Plugins/KimchiBark/KimchiBark-Info.plist";
				INSTALL_PATH = "$(USER_LIBRARY_DIR)/Bundles";
				OTHER_CFLAGS = "";
				OTHER_LDFLAGS = (
					"-framework",
					Foundation,
					"-framework",
					AppKit,
				);
				OTHER_REZFLAGS = "";
				PRODUCT_NAME = KimchiBark;
				SECTORDER_FLAGS = "";
				WARNING_CFLAGS = (
					"-Wmost",
					"-Wno-four-char-constants",
					"-Wno-unknown-pragmas",
				);
				WRAPPER_EXTENSION = plugin;
			};
			name = Default;
		};
		43CBA7C70854FD240077C2AE /* Debug */ = {
			isa = XCBuildConfiguration;
			buildSettings = {
				COPY_PHASE_STRIP = NO;
				CURRENT_PROJECT_VERSION = 8;
				GCC_DYNAMIC_NO_PIC = NO;
				GCC_ENABLE_FIX_AND_CONTINUE = YES;
				GCC_ENABLE_OBJC_EXCEPTIONS = YES;
				GCC_GENERATE_DEBUGGING_SYMBOLS = YES;
				GCC_OPTIMIZATION_LEVEL = 0;
				GCC_PRECOMPILE_PREFIX_HEADER = YES;
				GCC_PREFIX_HEADER = Sources/TemplateApplication_Prefix.pch;
				INFOPLIST_FILE = Resources/Info.plist;
				INSTALL_PATH = "$(HOME)/Applications";
				PRODUCT_NAME = TemplateApplication;
				VERSIONING_SYSTEM = "apple-generic";
				WRAPPER_EXTENSION = app;
				ZERO_LINK = YES;
			};
			name = Debug;
		};
		43CBA7C80854FD240077C2AE /* Release */ = {
			isa = XCBuildConfiguration;
			buildSettings = {
				COPY_PHASE_STRIP = YES;
				CURRENT_PROJECT_VERSION = 8;
				GCC_ENABLE_FIX_AND_CONTINUE = NO;
				GCC_GENERATE_DEBUGGING_SYMBOLS = NO;
				GCC_PRECOMPILE_PREFIX_HEADER = YES;
				GCC_PREFIX_HEADER = Sources/TemplateApplication_Prefix.pch;
				INFOPLIST_FILE = Resources/Info.plist;
				INSTALL_PATH = "$(HOME)/Applications";
				PRODUCT_NAME = TemplateApplication;
				VERSIONING_SYSTEM = "apple-generic";
				WRAPPER_EXTENSION = app;
				ZERO_LINK = NO;
			};
			name = Release;
		};
		43CBA7C90854FD240077C2AE /* Default */ = {
			isa = XCBuildConfiguration;
			buildSettings = {
				CURRENT_PROJECT_VERSION = 8;
				GCC_GENERATE_DEBUGGING_SYMBOLS = NO;
				GCC_PRECOMPILE_PREFIX_HEADER = YES;
				GCC_PREFIX_HEADER = Sources/TemplateApplication_Prefix.pch;
				INFOPLIST_FILE = Resources/Info.plist;
				INSTALL_PATH = "$(HOME)/Applications";
				PRODUCT_NAME = TemplateApplication;
				VERSIONING_SYSTEM = "apple-generic";
				WRAPPER_EXTENSION = app;
			};
			name = Default;
		};
		43CBA7E10854FD240077C2AE /* Debug */ = {
			isa = XCBuildConfiguration;
			buildSettings = {
			};
			name = Debug;
		};
		43CBA7E20854FD240077C2AE /* Release */ = {
			isa = XCBuildConfiguration;
			buildSettings = {
			};
			name = Release;
		};
		43CBA7E30854FD240077C2AE /* Default */ = {
			isa = XCBuildConfiguration;
			buildSettings = {
			};
			name = Default;
		};
		43CBB84C0855EE680077C2AE /* Debug */ = {
			isa = XCBuildConfiguration;
			buildSettings = {
				COPY_PHASE_STRIP = NO;
				GCC_ENABLE_OBJC_EXCEPTIONS = YES;
				GCC_GENERATE_DEBUGGING_SYMBOLS = YES;
				GCC_MODEL_TUNING = G5;
				GCC_PRECOMPILE_PREFIX_HEADER = YES;
				GCC_PREFIX_HEADER = "$(SYSTEM_LIBRARY_DIR)/Frameworks/Cocoa.framework/Headers/Cocoa.h";
				INFOPLIST_FILE = "Tests/TemplateApplicationTests-Info.plist";
				INSTALL_PATH = "$(USER_LIBRARY_DIR)/Bundles";
				LIBRARY_STYLE = BUNDLE;
				OPTIMIZATION_CFLAGS = "-O0";
				OTHER_CFLAGS = "";
				OTHER_LDFLAGS = (
					"-framework",
					Cocoa,
					"-framework",
					SenTestingKit,
				);
				OTHER_REZFLAGS = "";
				PREBINDING = NO;
				PRODUCT_NAME = TemplateApplicationTests;
				SECTORDER_FLAGS = "";
				WARNING_CFLAGS = (
					"-Wmost",
					"-Wno-four-char-constants",
					"-Wno-unknown-pragmas",
				);
				WRAPPER_EXTENSION = octest;
			};
			name = Debug;
		};
		43CBB84D0855EE680077C2AE /* Release */ = {
			isa = XCBuildConfiguration;
			buildSettings = {
				COPY_PHASE_STRIP = YES;
				GCC_ENABLE_OBJC_EXCEPTIONS = YES;
				GCC_GENERATE_DEBUGGING_SYMBOLS = NO;
				GCC_MODEL_TUNING = G5;
				GCC_PRECOMPILE_PREFIX_HEADER = YES;
				GCC_PREFIX_HEADER = "$(SYSTEM_LIBRARY_DIR)/Frameworks/Cocoa.framework/Headers/Cocoa.h";
				INFOPLIST_FILE = "Tests/TemplateApplicationTests-Info.plist";
				INSTALL_PATH = "$(USER_LIBRARY_DIR)/Bundles";
				LIBRARY_STYLE = BUNDLE;
				OPTIMIZATION_CFLAGS = "-O0";
				OTHER_CFLAGS = "";
				OTHER_LDFLAGS = (
					"-framework",
					Cocoa,
					"-framework",
					SenTestingKit,
				);
				OTHER_REZFLAGS = "";
				PREBINDING = NO;
				PRODUCT_NAME = TemplateApplicationTests;
				SECTORDER_FLAGS = "";
				WARNING_CFLAGS = (
					"-Wmost",
					"-Wno-four-char-constants",
					"-Wno-unknown-pragmas",
				);
				WRAPPER_EXTENSION = octest;
			};
			name = Release;
		};
		43CBB84E0855EE680077C2AE /* Default */ = {
			isa = XCBuildConfiguration;
			buildSettings = {
				GCC_ENABLE_OBJC_EXCEPTIONS = YES;
				GCC_GENERATE_DEBUGGING_SYMBOLS = NO;
				GCC_MODEL_TUNING = G5;
				GCC_PRECOMPILE_PREFIX_HEADER = YES;
				GCC_PREFIX_HEADER = "$(SYSTEM_LIBRARY_DIR)/Frameworks/Cocoa.framework/Headers/Cocoa.h";
				INFOPLIST_FILE = "Tests/TemplateApplicationTests-Info.plist";
				INSTALL_PATH = "$(USER_LIBRARY_DIR)/Bundles";
				LIBRARY_STYLE = BUNDLE;
				OPTIMIZATION_CFLAGS = "-O0";
				OTHER_CFLAGS = "";
				OTHER_LDFLAGS = (
					"-framework",
					Cocoa,
					"-framework",
					SenTestingKit,
				);
				OTHER_REZFLAGS = "";
				PREBINDING = NO;
				PRODUCT_NAME = TemplateApplicationTests;
				SECTORDER_FLAGS = "";
				WARNING_CFLAGS = (
					"-Wmost",
					"-Wno-four-char-constants",
					"-Wno-unknown-pragmas",
				);
				WRAPPER_EXTENSION = octest;
			};
			name = Default;
		};
/* End XCBuildConfiguration section */

/* Begin XCConfigurationList section */
		43CBA7C20854FD240077C2AE /* Build configuration list for PBXNativeTarget "KimchiBark" */ = {
			isa = XCConfigurationList;
			buildConfigurations = (
				43CBA7C30854FD240077C2AE /* Debug */,
				43CBA7C40854FD240077C2AE /* Release */,
				43CBA7C50854FD240077C2AE /* Default */,
			);
			defaultConfigurationIsVisible = 0;
			defaultConfigurationName = Default;
		};
		43CBA7C60854FD240077C2AE /* Build configuration list for PBXNativeTarget "TemplateApplication" */ = {
			isa = XCConfigurationList;
			buildConfigurations = (
				43CBA7C70854FD240077C2AE /* Debug */,
				43CBA7C80854FD240077C2AE /* Release */,
				43CBA7C90854FD240077C2AE /* Default */,
			);
			defaultConfigurationIsVisible = 0;
			defaultConfigurationName = Default;
		};
		43CBA7E00854FD240077C2AE /* Build configuration list for PBXProject "TemplateApplication" */ = {
			isa = XCConfigurationList;
			buildConfigurations = (
				43CBA7E10854FD240077C2AE /* Debug */,
				43CBA7E20854FD240077C2AE /* Release */,
				43CBA7E30854FD240077C2AE /* Default */,
			);
			defaultConfigurationIsVisible = 0;
			defaultConfigurationName = Default;
		};
		43CBB84B0855EE680077C2AE /* Build configuration list for PBXNativeTarget "TemplateApplicationTests" */ = {
			isa = XCConfigurationList;
			buildConfigurations = (
				43CBB84C0855EE680077C2AE /* Debug */,
				43CBB84D0855EE680077C2AE /* Release */,
				43CBB84E0855EE680077C2AE /* Default */,
			);
			defaultConfigurationIsVisible = 0;
			defaultConfigurationName = Default;
		};
/* End XCConfigurationList section */
	};
	rootObject = 29B97313FDCFA39411CA2CEA /* Project object */;
}
